
Microsoft Visual Studio Solution File, Format Version 12.00
# Visual Studio Version 17
VisualStudioVersion = 17.3.32819.101
MinimumVisualStudioVersion = 10.0.40219.1
Project("{FAE04EC0-301F-11D3-BF4B-00C04F79EFBC}") = "SinnerBot", "SinnerBot.csproj", "{AA989E90-71DD-4506-B1B8-7D8606B09C5F}"
EndProject
Global
	GlobalSection(SolutionConfigurationPlatforms) = preSolution
		Debug|Any CPU = Debug|Any CPU
		Release|Any CPU = Release|Any CPU
	EndGlobalSection
	GlobalSection(ProjectConfigurationPlatforms) = postSolution
		{AA989E90-71DD-4506-B1B8-7D8606B09C5F}.Debug|Any CPU.ActiveCfg = Debug|Any CPU
		{AA989E90-71DD-4506-B1B8-7D8606B09C5F}.Debug|Any CPU.Build.0 = Debug|Any CPU
		{AA989E90-71DD-4506-B1B8-7D8606B09C5F}.Release|Any CPU.ActiveCfg = Release|Any CPU
		{AA989E90-71DD-4506-B1B8-7D8606B09C5F}.Release|Any CPU.Build.0 = Release|Any CPU
	EndGlobalSection
	GlobalSection(SolutionProperties) = preSolution
		HideSolutionNode = FALSE
	EndGlobalSection
	GlobalSection(ExtensibilityGlobals) = postSolution
		SolutionGuid = {39E57550-4F03-4C24-BE43-70AFCDD363A6}
	EndGlobalSection
EndGlobal
